
Microsoft Visual Studio Solution File, Format Version 12.00
# Visual Studio Version 17
VisualStudioVersion = 17.1.32421.90
MinimumVisualStudioVersion = 10.0.40219.1
Project("{8BC9CEB8-8B4A-11D0-8D11-00A0C91BC942}") = "DLL_Injection", "DLL_Injection\DLL_Injection.vcxproj", "{1C71D004-E853-4829-964F-0D8E7B49EAA4}"
EndProject
Global
	GlobalSection(SolutionConfigurationPlatforms) = preSolution
		Debug|x64 = Debug|x64
		Debug|x86 = Debug|x86
		Release|x64 = Release|x64
		Release|x86 = Release|x86
	EndGlobalSection
	GlobalSection(ProjectConfigurationPlatforms) = postSolution
		{1C71D004-E853-4829-964F-0D8E7B49EAA4}.Debug|x64.ActiveCfg = Debug|x64
		{1C71D004-E853-4829-964F-0D8E7B49EAA4}.Debug|x64.Build.0 = Debug|x64
		{1C71D004-E853-4829-964F-0D8E7B49EAA4}.Debug|x86.ActiveCfg = Debug|Win32
		{1C71D004-E853-4829-964F-0D8E7B49EAA4}.Debug|x86.Build.0 = Debug|Win32
		{1C71D004-E853-4829-964F-0D8E7B49EAA4}.Release|x64.ActiveCfg = Release|x64
		{1C71D004-E853-4829-964F-0D8E7B49EAA4}.Release|x64.Build.0 = Release|x64
		{1C71D004-E853-4829-964F-0D8E7B49EAA4}.Release|x86.ActiveCfg = Release|Win32
		{1C71D004-E853-4829-964F-0D8E7B49EAA4}.Release|x86.Build.0 = Release|Win32
	EndGlobalSection
	GlobalSection(SolutionProperties) = preSolution
		HideSolutionNode = FALSE
	EndGlobalSection
	GlobalSection(ExtensibilityGlobals) = postSolution
		SolutionGuid = {A09367CA-7A46-4BBA-93A6-AF37ADAFBD80}
	EndGlobalSection
EndGlobal
